{
  "name": "ziti-doc",
  "lockfileVersion": 3,
  "requires": true,
  "packages": {
    "": {
      "dependencies": {
        "docusaurus-plugin-hotjar": "^0.0.2"
      }
    },
    "node_modules/docusaurus-plugin-hotjar": {
      "version": "0.0.2",
      "resolved": "https://registry.npmjs.org/docusaurus-plugin-hotjar/-/docusaurus-plugin-hotjar-0.0.2.tgz",
      "integrity": "sha512-Jsdxa6k4YQm4SBiY5mv9h/6sKUrQs6lC6mRoPUfjiPVtnhURE3d0dj4Vnrpy/tRVSAbywAqA0F/PGn5RKHtVaw=="
    }
  }
}
