# THIS IS AN AUTOGENERATED FILE. DO NOT EDIT THIS FILE DIRECTLY.
# yarn lockfile v1


"@algolia/abtesting@1.17.0":
  version "1.17.0"
  resolved "https://registry.yarnpkg.com/@algolia/abtesting/-/abtesting-1.17.0.tgz#d1c5cb798852b7d61225935ecca3efcef042cf20"
  integrity sha512-nuhHZdTiCtRzJEe9VSNzyqE9cOQMt01UWBzymFnjbgwrxxZpbGHQde6Oa/y9zyspTCjbUtb7Q5HQek1CLiLyeg==
  dependencies:
    "@algolia/client-common" "5.51.0"
    "@algolia/requester-browser-xhr" "5.51.0"
    "@algolia/requester-fetch" "5.51.0"
    "@algolia/requester-node-http" "5.51.0"

"@algolia/autocomplete-core@1.17.9":
  version "1.17.9"
  resolved "https://registry.yarnpkg.com/@algolia/autocomplete-core/-/autocomplete-core-1.17.9.tgz#83374c47dc72482aa45d6b953e89377047f0dcdc"
  integrity sha512-O7BxrpLDPJWWHv/DLA9DRFWs+iY1uOJZkqUwjS5HSZAGcl0hIVCQ97LTLewiZmZ402JYUrun+8NqFP+hCknlbQ==
  dependencies:
    "@algolia/autocomplete-plugin-algolia-insights" "1.17.9"
    "@algolia/autocomplete-shared" "1.17.9"

"@algolia/autocomplete-plugin-algolia-insights@1.17.9":
  version "1.17.9"
  resolved "https://registry.yarnpkg.com/@algolia/autocomplete-plugin-algolia-insights/-/autocomplete-plugin-algolia-insights-1.17.9.tgz#74c86024d09d09e8bfa3dd90b844b77d9f9947b6"
  integrity sha512-u1fEHkCbWF92DBeB/KHeMacsjsoI0wFhjZtlCq2ddZbAehshbZST6Hs0Avkc0s+4UyBGbMDnSuXHLuvRWK5iDQ==
  dependencies:
    "@algolia/autocomplete-shared" "1.17.9"

"@algolia/autocomplete-preset-algolia@1.17.9":
  version "1.17.9"
  resolved "https://registry.yarnpkg.com/@algolia/autocomplete-preset-algolia/-/autocomplete-preset-algolia-1.17.9.tgz#911f3250544eb8ea4096fcfb268f156b085321b5"
  integrity sha512-Na1OuceSJeg8j7ZWn5ssMu/Ax3amtOwk76u4h5J4eK2Nx2KB5qt0Z4cOapCsxot9VcEN11ADV5aUSlQF4RhGjQ==
  dependencies:
    "@algolia/autocomplete-shared" "1.17.9"

"@algolia/autocomplete-shared@1.17.9":
  version "1.17.9"
  resolved "https://registry.yarnpkg.com/@algolia/autocomplete-shared/-/autocomplete-shared-1.17.9.tgz#5f38868f7cb1d54b014b17a10fc4f7e79d427fa8"
  integrity sha512-iDf05JDQ7I0b7JEA/9IektxN/80a2MZ1ToohfmNS3rfeuQnIKI3IJlIafD0xu4StbtQTghx9T3Maa97ytkXenQ==

"@algolia/client-abtesting@5.51.0":
  version "5.51.0"
  resolved "https://registry.yarnpkg.com/@algolia/client-abtesting/-/client-abtesting-5.51.0.tgz#20e30e3c0c302faefeef5d6d85e96acef3ecd5a4"
  integrity sha512-PKrKlIla1U2J7mFcIQn6N3pWP4oySmkxShnbbDsj/H7818gKbET5KsUwsVoNjWIxHKTJMCTcQ7ekAJ8Ea23NMg==
  dependencies:
    "@algolia/client-common" "5.51.0"
    "@algolia/requester-browser-xhr" "5.51.0"
    "@algolia/requester-fetch" "5.51.0"
    "@algolia/requester-node-http" "5.51.0"

"@algolia/client-analytics@5.51.0":
  version "5.51.0"
  resolved "https://registry.yarnpkg.com/@algolia/client-analytics/-/client-analytics-5.51.0.tgz#91d79812b26c4462bdd50911a8824c308c13a921"
  integrity sha512-U+HCY1K16Km91pIRL1kN6bW6BbGFAF/WhkRSCx4wyl1aFpbrlhSFQs/dAwWbmyBiHWwVWhl7stWHQ1pum5EfMw==
  dependencies:
    "@algolia/client-common" "5.51.0"
    "@algolia/requester-browser-xhr" "5.51.0"
    "@algolia/requester-fetch" "5.51.0"
    "@algolia/requester-node-http" "5.51.0"

"@algolia/client-common@5.51.0":
  version "5.51.0"
  resolved "https://registry.yarnpkg.com/@algolia/client-common/-/client-common-5.51.0.tgz#094ded739d8e7ef3eca05fe9a9ae49d7620fde50"
  integrity sha512-YPJ3dEuZLCRp846Az94t6Z2gwSNRazP+SmBco7p6SCa4fYrtIE820PDXYZshbNrj2Z8Qfbmv7BQ1Lecl5L3G/w==

"@algolia/client-insights@5.51.0":
  version "5.51.0"
  resolved "https://registry.yarnpkg.com/@algolia/client-insights/-/client-insights-5.51.0.tgz#26b23d63a883575c16445cc4a101e0eb170966b8"
  integrity sha512-/gEwLlR7fQ7YjOW+ADRZ0NxLDtpTC61FSzlZ01Gdl1kTJfU0Rq3Y/TYqwxGxlQGcUiXtGzrpjxXWh3Y0TZD6NA==
  dependencies:
    "@algolia/client-common" "5.51.0"
    "@algolia/requester-browser-xhr" "5.51.0"
    "@algolia/requester-fetch" "5.51.0"
    "@algolia/requester-node-http" "5.51.0"

"@algolia/client-personalization@5.51.0":
  version "5.51.0"
  resolved "https://registry.yarnpkg.com/@algolia/client-personalization/-/client-personalization-5.51.0.tgz#44bd17e79503ba32e199484c5b42683384d2805c"
  integrity sha512-nRwUN1Y2cKyOAFZyIBagkEfZSIhP05nWhT4Rjwl84lcjECssYggftrAODrZ4leakXxSGjhxs/AdaAFEIBqwVFA==
  dependencies:
    "@algolia/client-common" "5.51.0"
    "@algolia/requester-browser-xhr" "5.51.0"
    "@algolia/requester-fetch" "5.51.0"
    "@algolia/requester-node-http" "5.51.0"

"@algolia/client-query-suggestions@5.51.0":
  version "5.51.0"
  resolved "https://registry.yarnpkg.com/@algolia/client-query-suggestions/-/client-query-suggestions-5.51.0.tgz#ca22ef16ffdd6a5a889161b309fa53ad2e2a3ab1"
  integrity sha512-pybzYCG7VoQKppo+z5iZOKpW8XqtFxhsAIRgEaNboCnfypKukiBHJAwB+pmr7vMZXBsOHwklGYWwCG82e8qshA==
  dependencies:
    "@algolia/client-common" "5.51.0"
    "@algolia/requester-browser-xhr" "5.51.0"
    "@algolia/requester-fetch" "5.51.0"
    "@algolia/requester-node-http" "5.51.0"

"@algolia/client-search@5.51.0":
  version "5.51.0"
  resolved "https://registry.yarnpkg.com/@algolia/client-search/-/client-search-5.51.0.tgz#6ae39eb6e4a316ba457c9777f6ea1b2a15d19f0e"
  integrity sha512-DWVIlj6RqcvdhwP0gBU9OpOQPnHdcAk9jlT+z8rsNb2+liWv4eUlfQZ7saGBraFsnygEHD3PtdppIHvqwBAb5w==
  dependencies:
    "@algolia/client-common" "5.51.0"
    "@algolia/requester-browser-xhr" "5.51.0"
    "@algolia/requester-fetch" "5.51.0"
    "@algolia/requester-node-http" "5.51.0"

"@algolia/events@^4.0.1":
  version "4.0.1"
  resolved "https://registry.yarnpkg.com/@algolia/events/-/events-4.0.1.tgz#fd39e7477e7bc703d7f893b556f676c032af3950"
  integrity sha512-FQzvOCgoFXAbf5Y6mYozw2aj5KCJoA3m4heImceldzPSMbdyS4atVjJzXKMsfX3wnZTFYwkkt8/z8UesLHlSBQ==

"@algolia/ingestion@1.51.0":
  version "1.51.0"
  resolved "https://registry.yarnpkg.com/@algolia/ingestion/-/ingestion-1.51.0.tgz#b8344f2bf7012e1fe72fd8e6e78384d85e6690ad"
  integrity sha512-bA25s12iUDJi/X8M7tWlPRT8GeOhls/yDbdoUqinz27lNqsOlcM1UrAxIKdIZ6lm3sXit+ewPIz1pS2x6rXu8g==
  dependencies:
    "@algolia/client-common" "5.51.0"
    "@algolia/requester-browser-xhr" "5.51.0"
    "@algolia/requester-fetch" "5.51.0"
    "@algolia/requester-node-http" "5.51.0"

"@algolia/monitoring@1.51.0":
  version "1.51.0"
  resolved "https://registry.yarnpkg.com/@algolia/monitoring/-/monitoring-1.51.0.tgz#5518fd6f9c0205dac3655639262f3b395dbf3dc8"
  integrity sha512-zj+RcE5e0NE0/ew6oEOTgOplPHry+w2oi7h0Y87lhdq4E0d7xLS31KVB8kKfCGkrG7AYtZvrcyvLOKS5d0no4Q==
  dependencies:
    "@algolia/client-common" "5.51.0"
    "@algolia/requester-browser-xhr" "5.51.0"
    "@algolia/requester-fetch" "5.51.0"
    "@algolia/requester-node-http" "5.51.0"

"@algolia/recommend@5.51.0":
  version "5.51.0"
  resolved "https://registry.yarnpkg.com/@algolia/recommend/-/recommend-5.51.0.tgz#d987d3baad9a420fcf896912610f78f8ab0daf3c"
  integrity sha512-/HDgccfye1Rq3bPxaSCsvSEBHzSMmtpM9ZRGRtAuC62Cv+ql/76IWnxjGTDXtqIJ+/j7ZlFYAzq9fkp95wF2SQ==
  dependencies:
    "@algolia/client-common" "5.51.0"
    "@algolia/requester-browser-xhr" "5.51.0"
    "@algolia/requester-fetch" "5.51.0"
    "@algolia/requester-node-http" "5.51.0"

"@algolia/requester-browser-xhr@5.51.0":
  version "5.51.0"
  resolved "https://registry.yarnpkg.com/@algolia/requester-browser-xhr/-/requester-browser-xhr-5.51.0.tgz#eb693cc8c6944966dc9d336c47b39fb738de22ad"
  integrity sha512-nJdW+WBwGlXWMJbxxB7/AJPvNq0lLJSudXmIQCJbmH8jsOXQhRpAtoCD4ceLyJKv3ze9JbQu4Gqu5JDLckuFcw==
  dependencies:
    "@algolia/client-common" "5.51.0"

"@algolia/requester-fetch@5.51.0":
  version "5.51.0"
  resolved "https://registry.yarnpkg.com/@algolia/requester-fetch/-/requester-fetch-5.51.0.tgz#d667a6d235e3e6f2274213298d28751bd0bbc3cc"
  integrity sha512-bsBgRI/1h1mjS3eCyfGau78yGZVmiDLmT1aU6dMnk75/T0SgKqnSKNpQ53xKoDYVChGDcNnpHXWpoUSo8MH1+w==
  dependencies:
    "@algolia/client-common" "5.51.0"

"@algolia/requester-node-http@5.51.0":
  version "5.51.0"
  resolved "https://registry.yarnpkg.com/@algolia/requester-node-http/-/requester-node-http-5.51.0.tgz#981b9241e0e34f62166cf5f81df3b10bd3529141"
  integrity sha512-zPrIDVPpmKWgrjmWOqpqrhqAhNjvVkjoj+mqw2NBPxEOuKNzP0H+Qz5NJLLTOepBVj1UFedFaF3AUgxLsB9ukQ==
  dependencies:
    "@algolia/client-common" "5.51.0"

"@docsearch/css@3.9.0":
  version "3.9.0"
  resolved "https://registry.yarnpkg.com/@docsearch/css/-/css-3.9.0.tgz#3bc29c96bf024350d73b0cfb7c2a7b71bf251cd5"
  integrity sha512-cQbnVbq0rrBwNAKegIac/t6a8nWoUAn8frnkLFW6YARaRmAQr5/Eoe6Ln2fqkUCZ40KpdrKbpSAmgrkviOxuWA==

"@docsearch/react@^3":
  version "3.9.0"
  resolved "https://registry.yarnpkg.com/@docsearch/react/-/react-3.9.0.tgz#d0842b700c3ee26696786f3c8ae9f10c1a3f0db3"
  integrity sha512-mb5FOZYZIkRQ6s/NWnM98k879vu5pscWqTLubLFBO87igYYT4VzVazh4h5o/zCvTIZgEt3PvsCOMOswOUo9yHQ==
  dependencies:
    "@algolia/autocomplete-core" "1.17.9"
    "@algolia/autocomplete-preset-algolia" "1.17.9"
    "@docsearch/css" "3.9.0"
    algoliasearch "^5.14.2"

"@netfoundry/docusaurus-theme@^0.11.0", "@netfoundry/docusaurus-theme@^0.11.4":
  version "0.11.4"
  resolved "https://registry.yarnpkg.com/@netfoundry/docusaurus-theme/-/docusaurus-theme-0.11.4.tgz#5b924c851ab07f0604b2d1c9786bc718ed4676db"
  integrity sha512-2dxDrukUQ4BlgxvXC0bZlmc5CictmNEldCMDETwbDXbmZNrbN9zIpmsu1vns1aCXpgy9z8DN6v7bDxn2ae4lzA==
  dependencies:
    "@docsearch/react" "^3"
    "@netfoundry/docusaurus-theme" "^0.11.0"
    algoliasearch "^5"
    clsx "^2.0.0"
    instantsearch.js "^4"
    react-device-detect "^2.2.3"
    react-github-btn "^1.4.0"
    react-instantsearch "^7"

"@swc/helpers@0.5.18":
  version "0.5.18"
  resolved "https://registry.yarnpkg.com/@swc/helpers/-/helpers-0.5.18.tgz#feeeabea0d10106ee25aaf900165df911ab6d3b1"
  integrity sha512-TXTnIcNJQEKwThMMqBXsZ4VGAza6bvN4pa41Rkqoio6QBKMvo+5lexeTMScGCIxtzgQJzElcvIltani+adC5PQ==
  dependencies:
    tslib "^2.8.0"

"@types/dom-speech-recognition@^0.0.1":
  version "0.0.1"
  resolved "https://registry.yarnpkg.com/@types/dom-speech-recognition/-/dom-speech-recognition-0.0.1.tgz#e326761a04b4a49c0eec2ac7948afc1c6aa12baa"
  integrity sha512-udCxb8DvjcDKfk1WTBzDsxFbLgYxmQGKrE/ricoMqHRNjSlSUCcamVTA5lIQqzY10mY5qCY0QDwBfFEwhfoDPw==

"@types/google.maps@^3.55.12":
  version "3.64.0"
  resolved "https://registry.yarnpkg.com/@types/google.maps/-/google.maps-3.64.0.tgz#2d0d6eaa457e3840eaf3c6b09c1243a5d91d3e8a"
  integrity sha512-dN0H6tB4lgLQLovcbPXFYYOEV41TpyyJghzb5jrzjB96FZmjeOghevVdC+BMGd6YqyCqXaggyEtqRXLRjzCBZA==

"@types/hogan.js@^3.0.0":
  version "3.0.5"
  resolved "https://registry.yarnpkg.com/@types/hogan.js/-/hogan.js-3.0.5.tgz#09f5b916ad88e1975b093ab7a25a37ffc0418be5"
  integrity sha512-/uRaY3HGPWyLqOyhgvW9Aa43BNnLZrNeQxl2p8wqId4UHMfPKolSB+U7BlZyO1ng7MkLnyEAItsBzCG0SDhqrA==

"@types/qs@^6.5.3":
  version "6.15.0"
  resolved "https://registry.yarnpkg.com/@types/qs/-/qs-6.15.0.tgz#963ab61779843fe910639a50661b48f162bc7f79"
  integrity sha512-JawvT8iBVWpzTrz3EGw9BTQFg3BQNmwERdKE22vlTxawwtbyUSlMppvZYKLZzB5zgACXdXxbD3m1bXaMqP/9ow==

abbrev@1:
  version "1.1.1"
  resolved "https://registry.yarnpkg.com/abbrev/-/abbrev-1.1.1.tgz#f8f2c887ad10bf67f634f005b6987fed3179aac8"
  integrity sha512-nne9/IiQ/hzIhY6pdDnbBtz7DjPTKrY00P/zvPSm5pOFkl6xuGrGnXn/VtTNNfNtAfZ9/1RtehkszU9qcTii0Q==

algoliasearch-helper@3.28.2:
  version "3.28.2"
  resolved "https://registry.yarnpkg.com/algoliasearch-helper/-/algoliasearch-helper-3.28.2.tgz#cef9b8eec13fb67e935981c73368405905078ef0"
  integrity sha512-sexVcXLHrJN54+S0wXD52xV3ySeGZA5T6HMDkb84wT+3UcXCd8af/k2vU5qJTbHv7DoBb4mISJHdyQ2JOo3Aig==
  dependencies:
    "@algolia/events" "^4.0.1"

algoliasearch@^5, algoliasearch@^5.14.2:
  version "5.51.0"
  resolved "https://registry.yarnpkg.com/algoliasearch/-/algoliasearch-5.51.0.tgz#aeb693d28de6aa45100e128e7beb3e000b8e4081"
  integrity sha512-u3XS8HaTzt5YN90KPsOXMRjYJUMVD1dtr6yi4NXQluMbZ5IjQNBu1MEabdAxFhYtEuexqomPMSmRIhQJUd3QSg==
  dependencies:
    "@algolia/abtesting" "1.17.0"
    "@algolia/client-abtesting" "5.51.0"
    "@algolia/client-analytics" "5.51.0"
    "@algolia/client-common" "5.51.0"
    "@algolia/client-insights" "5.51.0"
    "@algolia/client-personalization" "5.51.0"
    "@algolia/client-query-suggestions" "5.51.0"
    "@algolia/client-search" "5.51.0"
    "@algolia/ingestion" "1.51.0"
    "@algolia/monitoring" "1.51.0"
    "@algolia/recommend" "5.51.0"
    "@algolia/requester-browser-xhr" "5.51.0"
    "@algolia/requester-fetch" "5.51.0"
    "@algolia/requester-node-http" "5.51.0"

call-bind-apply-helpers@^1.0.1, call-bind-apply-helpers@^1.0.2:
  version "1.0.2"
  resolved "https://registry.yarnpkg.com/call-bind-apply-helpers/-/call-bind-apply-helpers-1.0.2.tgz#4b5428c222be985d79c3d82657479dbe0b59b2d6"
  integrity sha512-Sp1ablJ0ivDkSzjcaJdxEunN5/XvksFJ2sMBFfq6x0ryhQV/2b/KwFe21cMpmHtPOSij8K99/wSfoEuTObmuMQ==
  dependencies:
    es-errors "^1.3.0"
    function-bind "^1.1.2"

call-bound@^1.0.2:
  version "1.0.4"
  resolved "https://registry.yarnpkg.com/call-bound/-/call-bound-1.0.4.tgz#238de935d2a2a692928c538c7ccfa91067fd062a"
  integrity sha512-+ys997U96po4Kx/ABpBCqhA9EuxJaQWDQg7295H4hBphv3IZg0boBKuwYpt4YXp6MZ5AmZQnU/tyMTlRpaSejg==
  dependencies:
    call-bind-apply-helpers "^1.0.2"
    get-intrinsic "^1.3.0"

clsx@^2.0.0:
  version "2.1.1"
  resolved "https://registry.yarnpkg.com/clsx/-/clsx-2.1.1.tgz#eed397c9fd8bd882bfb18deab7102049a2f32999"
  integrity sha512-eYm0QWBtUrBWZWG0d386OGAw16Z995PiOVo2B7bjWSbHedGl5e0ZWaq65kOGgUSNesEIDkB9ISbTg/JK9dhCZA==

dunder-proto@^1.0.1:
  version "1.0.1"
  resolved "https://registry.yarnpkg.com/dunder-proto/-/dunder-proto-1.0.1.tgz#d7ae667e1dc83482f8b70fd0f6eefc50da30f58a"
  integrity sha512-KIN/nDJBQRcXw0MLVhZE9iQHmG68qAVIBg9CqmUYjmQIhgij9U5MFvrqkUL5FbtyyzZuOeOt0zdeRe4UY7ct+A==
  dependencies:
    call-bind-apply-helpers "^1.0.1"
    es-errors "^1.3.0"
    gopd "^1.2.0"

es-define-property@^1.0.1:
  version "1.0.1"
  resolved "https://registry.yarnpkg.com/es-define-property/-/es-define-property-1.0.1.tgz#983eb2f9a6724e9303f61addf011c72e09e0b0fa"
  integrity sha512-e3nRfgfUZ4rNGL232gUgX06QNyyez04KdjFrF+LTRoOXmrOgFKDg4BCdsjW8EnT69eqdYGmRpJwiPVYNrCaW3g==

es-errors@^1.3.0:
  version "1.3.0"
  resolved "https://registry.yarnpkg.com/es-errors/-/es-errors-1.3.0.tgz#05f75a25dab98e4fb1dcd5e1472c0546d5057c8f"
  integrity sha512-Zf5H2Kxt2xjTvbJvP2ZWLEICxA6j+hAmMzIlypy4xcBg1vKVnx89Wy0GbS+kf5cwCVFFzdCFh2XSCFNULS6csw==

es-object-atoms@^1.0.0, es-object-atoms@^1.1.1:
  version "1.1.1"
  resolved "https://registry.yarnpkg.com/es-object-atoms/-/es-object-atoms-1.1.1.tgz#1c4f2c4837327597ce69d2ca190a7fdd172338c1"
  integrity sha512-FGgH2h8zKNim9ljj7dankFPcICIK9Cp5bm+c2gQSYePhpaG5+esrLODihIorn+Pe6FGJzWhXQotPv73jTaldXA==
  dependencies:
    es-errors "^1.3.0"

function-bind@^1.1.2:
  version "1.1.2"
  resolved "https://registry.yarnpkg.com/function-bind/-/function-bind-1.1.2.tgz#2c02d864d97f3ea6c8830c464cbd11ab6eab7a1c"
  integrity sha512-7XHNxH7qX9xG5mIwxkhumTox/MIRNcOgDrxWsMt2pAr23WHp6MrRlN7FBSFpCpr+oVO0F744iUgR82nJMfG2SA==

get-intrinsic@^1.2.5, get-intrinsic@^1.3.0:
  version "1.3.0"
  resolved "https://registry.yarnpkg.com/get-intrinsic/-/get-intrinsic-1.3.0.tgz#743f0e3b6964a93a5491ed1bffaae054d7f98d01"
  integrity sha512-9fSjSaos/fRIVIp+xSJlE6lfwhES7LNtKaCBIamHsjr2na1BiABJPo0mOjjz8GJDURarmCPGqaiVg5mfjb98CQ==
  dependencies:
    call-bind-apply-helpers "^1.0.2"
    es-define-property "^1.0.1"
    es-errors "^1.3.0"
    es-object-atoms "^1.1.1"
    function-bind "^1.1.2"
    get-proto "^1.0.1"
    gopd "^1.2.0"
    has-symbols "^1.1.0"
    hasown "^2.0.2"
    math-intrinsics "^1.1.0"

get-proto@^1.0.1:
  version "1.0.1"
  resolved "https://registry.yarnpkg.com/get-proto/-/get-proto-1.0.1.tgz#150b3f2743869ef3e851ec0c49d15b1d14d00ee1"
  integrity sha512-sTSfBjoXBp89JvIKIefqw7U2CCebsc74kiY6awiGogKtoSGbgjYE/G/+l9sF3MWFPNc9IcoOC4ODfKHfxFmp0g==
  dependencies:
    dunder-proto "^1.0.1"
    es-object-atoms "^1.0.0"

github-buttons@^2.22.0:
  version "2.32.0"
  resolved "https://registry.yarnpkg.com/github-buttons/-/github-buttons-2.32.0.tgz#c7537ca1f1605befb171261d9744a1be532f6f2c"
  integrity sha512-DbKam2n7JGbccpbAoQ7UHhxH2XYlumCakTM4Ln7v8A9TzMaaEgKV6S7A+Suyx3EVBE1DPEqA6QSgyCoGJamymg==

gopd@^1.2.0:
  version "1.2.0"
  resolved "https://registry.yarnpkg.com/gopd/-/gopd-1.2.0.tgz#89f56b8217bdbc8802bd299df6d7f1081d7e51a1"
  integrity sha512-ZUKRh6/kUFoAiTAtTYPZJ3hw9wNxx+BIBOijnlG9PnrJsCcSjs1wyyD6vJpaYtgnzDrKYRSqf3OO6Rfa93xsRg==

has-symbols@^1.1.0:
  version "1.1.0"
  resolved "https://registry.yarnpkg.com/has-symbols/-/has-symbols-1.1.0.tgz#fc9c6a783a084951d0b971fe1018de813707a338"
  integrity sha512-1cDNdwJ2Jaohmb3sg4OmKaMBwuC48sYni5HUw2DvsC8LjGTLK9h+eb1X6RyuOHe4hT0ULCW68iomhjUoKUqlPQ==

hasown@^2.0.2:
  version "2.0.3"
  resolved "https://registry.yarnpkg.com/hasown/-/hasown-2.0.3.tgz#5e5c2b15b60370a4c7930c383dfb76bf17bc403c"
  integrity sha512-ej4AhfhfL2Q2zpMmLo7U1Uv9+PyhIZpgQLGT1F9miIGmiCJIoCgSmczFdrc97mWT4kVY72KA+WnnhJ5pghSvSg==
  dependencies:
    function-bind "^1.1.2"

hogan.js@^3.0.2:
  version "3.0.2"
  resolved "https://registry.yarnpkg.com/hogan.js/-/hogan.js-3.0.2.tgz#4cd9e1abd4294146e7679e41d7898732b02c7bfd"
  integrity sha512-RqGs4wavGYJWE07t35JQccByczmNUXQT0E12ZYV1VKYu5UiAU9lsos/yBAcf840+zrUQQxgVduCR5/B8nNtibg==
  dependencies:
    mkdirp "0.3.0"
    nopt "1.0.10"

htm@^3.0.0:
  version "3.1.1"
  resolved "https://registry.yarnpkg.com/htm/-/htm-3.1.1.tgz#49266582be0dc66ed2235d5ea892307cc0c24b78"
  integrity sha512-983Vyg8NwUE7JkZ6NmOqpCZ+sh1bKv2iYTlUkzlWmA5JD2acKoxd4KVxbMmxX/85mtfdnDmTFoNKcg5DGAvxNQ==

instantsearch-ui-components@0.25.0:
  version "0.25.0"
  resolved "https://registry.yarnpkg.com/instantsearch-ui-components/-/instantsearch-ui-components-0.25.0.tgz#f5a5ae81bebbc1eecfda3c8a799659bbd684caa7"
  integrity sha512-Z4FIY5bNws7qQ2cwRyGjxIqYiabLede434wrSOOUTjkr7PT1rDvq1onlVouTMM9t7cZ4MgyfCNuFZyfqdN8k/w==
  dependencies:
    "@swc/helpers" "0.5.18"
    markdown-to-jsx "^7.7.15"
    zod "^3.25.76 || ^4"
    zod-to-json-schema "3.24.6"

instantsearch.js@4.95.0, instantsearch.js@^4:
  version "4.95.0"
  resolved "https://registry.yarnpkg.com/instantsearch.js/-/instantsearch.js-4.95.0.tgz#ab3e01439749a614c8ccb130efbe32c6e55a3a4e"
  integrity sha512-ZEwOgBvZn9tK1SRF0y8cgZ/HZq9bBMFGfno3ZxJ61RN/10zKyB5wWUm3zpDZMMAG4xxJTw0U8O6WCZC7OMqYyg==
  dependencies:
    "@algolia/events" "^4.0.1"
    "@swc/helpers" "0.5.18"
    "@types/dom-speech-recognition" "^0.0.1"
    "@types/google.maps" "^3.55.12"
    "@types/hogan.js" "^3.0.0"
    "@types/qs" "^6.5.3"
    algoliasearch-helper "3.28.2"
    hogan.js "^3.0.2"
    htm "^3.0.0"
    instantsearch-ui-components "0.25.0"
    preact "^10.10.0"
    qs "^6.5.1"
    react ">= 0.14.0"
    search-insights "^2.17.2"
    zod "^3.25.76 || ^4"
    zod-to-json-schema "3.24.6"

markdown-to-jsx@^7.7.15:
  version "7.7.17"
  resolved "https://registry.yarnpkg.com/markdown-to-jsx/-/markdown-to-jsx-7.7.17.tgz#6e997d6aa4dbe2e69c423c65745541846777483c"
  integrity sha512-7mG/1feQ0TX5I7YyMZVDgCC/y2I3CiEhIRQIhyov9nGBP5eoVrOXXHuL5ZP8GRfxVZKRiXWJgwXkb9It+nQZfQ==

math-intrinsics@^1.1.0:
  version "1.1.0"
  resolved "https://registry.yarnpkg.com/math-intrinsics/-/math-intrinsics-1.1.0.tgz#a0dd74be81e2aa5c2f27e65ce283605ee4e2b7f9"
  integrity sha512-/IXtbwEk5HTPyEwyKX6hGkYXxM9nbj64B+ilVJnC/R6B0pH5G4V3b0pVbL7DBj4tkhBAppbQUlf6F6Xl9LHu1g==

mkdirp@0.3.0:
  version "0.3.0"
  resolved "https://registry.yarnpkg.com/mkdirp/-/mkdirp-0.3.0.tgz#1bbf5ab1ba827af23575143490426455f481fe1e"
  integrity sha512-OHsdUcVAQ6pOtg5JYWpCBo9W/GySVuwvP9hueRMW7UqshC0tbfzLv8wjySTPm3tfUZ/21CE9E1pJagOA91Pxew==

nopt@1.0.10:
  version "1.0.10"
  resolved "https://registry.yarnpkg.com/nopt/-/nopt-1.0.10.tgz#6ddd21bd2a31417b92727dd585f8a6f37608ebee"
  integrity sha512-NWmpvLSqUrgrAC9HCuxEvb+PSloHpqVu+FqcO4eeF2h5qYRhA7ev6KvelyQAKtegUbC6RypJnlEOhd8vloNKYg==
  dependencies:
    abbrev "1"

object-inspect@^1.13.3, object-inspect@^1.13.4:
  version "1.13.4"
  resolved "https://registry.yarnpkg.com/object-inspect/-/object-inspect-1.13.4.tgz#8375265e21bc20d0fa582c22e1b13485d6e00213"
  integrity sha512-W67iLl4J2EXEGTbfeHCffrjDfitvLANg0UlX3wFUUSTx92KXRFegMHUVgSqE+wvhAbi4WqjGg9czysTV2Epbew==

preact@^10.10.0:
  version "10.29.1"
  resolved "https://registry.yarnpkg.com/preact/-/preact-10.29.1.tgz#2a5b936efe91cfe1e773cdb55dceb55d148d1d4b"
  integrity sha512-gQCLc/vWroE8lIpleXtdJhTFDogTdZG9AjMUpVkDf2iTCNwYNWA+u16dL41TqUDJO4gm2IgrcMv3uTpjd4Pwmg==

qs@^6.5.1:
  version "6.15.1"
  resolved "https://registry.yarnpkg.com/qs/-/qs-6.15.1.tgz#bdb55aed06bfac257a90c44a446a73fba5575c8f"
  integrity sha512-6YHEFRL9mfgcAvql/XhwTvf5jKcOiiupt2FiJxHkiX1z4j7WL8J/jRHYLluORvc1XxB5rV20KoeK00gVJamspg==
  dependencies:
    side-channel "^1.1.0"

react-device-detect@^2.2.3:
  version "2.2.3"
  resolved "https://registry.yarnpkg.com/react-device-detect/-/react-device-detect-2.2.3.tgz#97a7ae767cdd004e7c3578260f48cf70c036e7ca"
  integrity sha512-buYY3qrCnQVlIFHrC5UcUoAj7iANs/+srdkwsnNjI7anr3Tt7UY6MqNxtMLlr0tMBied0O49UZVK8XKs3ZIiPw==
  dependencies:
    ua-parser-js "^1.0.33"

react-github-btn@^1.4.0:
  version "1.4.0"
  resolved "https://registry.yarnpkg.com/react-github-btn/-/react-github-btn-1.4.0.tgz#92654107e92658e60dd977c7a92b212f806da78d"
  integrity sha512-lV4FYClAfjWnBfv0iNlJUGhamDgIq6TayD0kPZED6VzHWdpcHmPfsYOZ/CFwLfPv4Zp+F4m8QKTj0oy2HjiGXg==
  dependencies:
    github-buttons "^2.22.0"

react-instantsearch-core@7.31.0:
  version "7.31.0"
  resolved "https://registry.yarnpkg.com/react-instantsearch-core/-/react-instantsearch-core-7.31.0.tgz#1017453bb80268a26dcb80f1306bb7118b0c7e3c"
  integrity sha512-NAXeogRQZyFRXEwROh8QLiULzYrt/v8gI80Ypz7fhtqFuAXu8LC9uiQ8BaKluGEX+4styA8bxtYz9q8o18wLdg==
  dependencies:
    "@swc/helpers" "0.5.18"
    algoliasearch-helper "3.28.2"
    instantsearch.js "4.95.0"
    use-sync-external-store "^1.0.0"
    zod "^3.25.76 || ^4"
    zod-to-json-schema "3.24.6"

react-instantsearch@^7:
  version "7.31.0"
  resolved "https://registry.yarnpkg.com/react-instantsearch/-/react-instantsearch-7.31.0.tgz#def9d8ecc9ed4a08b3d58561932b8cbc57584e7a"
  integrity sha512-+GhLMxeqoWWhTLlJoAbBWD4tANy6n0n7OTd+9ZVfspIHASpVHwmOxoInRjWXgNkK/I1inml5IEe1RMZaXTfAGQ==
  dependencies:
    "@swc/helpers" "0.5.18"
    instantsearch-ui-components "0.25.0"
    instantsearch.js "4.95.0"
    react-instantsearch-core "7.31.0"

"react@>= 0.14.0":
  version "19.2.5"
  resolved "https://registry.yarnpkg.com/react/-/react-19.2.5.tgz#c888ab8b8ef33e2597fae8bdb2d77edbdb42858b"
  integrity sha512-llUJLzz1zTUBrskt2pwZgLq59AemifIftw4aB7JxOqf1HY2FDaGDxgwpAPVzHU1kdWabH7FauP4i1oEeer2WCA==

search-insights@^2.17.2:
  version "2.17.3"
  resolved "https://registry.yarnpkg.com/search-insights/-/search-insights-2.17.3.tgz#8faea5d20507bf348caba0724e5386862847b661"
  integrity sha512-RQPdCYTa8A68uM2jwxoY842xDhvx3E5LFL1LxvxCNMev4o5mLuokczhzjAgGwUZBAmOKZknArSxLKmXtIi2AxQ==

side-channel-list@^1.0.0:
  version "1.0.1"
  resolved "https://registry.yarnpkg.com/side-channel-list/-/side-channel-list-1.0.1.tgz#c2e0b5a14a540aebee3bbc6c3f8666cc9b509127"
  integrity sha512-mjn/0bi/oUURjc5Xl7IaWi/OJJJumuoJFQJfDDyO46+hBWsfaVM65TBHq2eoZBhzl9EchxOijpkbRC8SVBQU0w==
  dependencies:
    es-errors "^1.3.0"
    object-inspect "^1.13.4"

side-channel-map@^1.0.1:
  version "1.0.1"
  resolved "https://registry.yarnpkg.com/side-channel-map/-/side-channel-map-1.0.1.tgz#d6bb6b37902c6fef5174e5f533fab4c732a26f42"
  integrity sha512-VCjCNfgMsby3tTdo02nbjtM/ewra6jPHmpThenkTYh8pG9ucZ/1P8So4u4FGBek/BjpOVsDCMoLA/iuBKIFXRA==
  dependencies:
    call-bound "^1.0.2"
    es-errors "^1.3.0"
    get-intrinsic "^1.2.5"
    object-inspect "^1.13.3"

side-channel-weakmap@^1.0.2:
  version "1.0.2"
  resolved "https://registry.yarnpkg.com/side-channel-weakmap/-/side-channel-weakmap-1.0.2.tgz#11dda19d5368e40ce9ec2bdc1fb0ecbc0790ecea"
  integrity sha512-WPS/HvHQTYnHisLo9McqBHOJk2FkHO/tlpvldyrnem4aeQp4hai3gythswg6p01oSoTl58rcpiFAjF2br2Ak2A==
  dependencies:
    call-bound "^1.0.2"
    es-errors "^1.3.0"
    get-intrinsic "^1.2.5"
    object-inspect "^1.13.3"
    side-channel-map "^1.0.1"

side-channel@^1.1.0:
  version "1.1.0"
  resolved "https://registry.yarnpkg.com/side-channel/-/side-channel-1.1.0.tgz#c3fcff9c4da932784873335ec9765fa94ff66bc9"
  integrity sha512-ZX99e6tRweoUXqR+VBrslhda51Nh5MTQwou5tnUDgbtyM0dBgmhEDtWGP/xbKn6hqfPRHujUNwz5fy/wbbhnpw==
  dependencies:
    es-errors "^1.3.0"
    object-inspect "^1.13.3"
    side-channel-list "^1.0.0"
    side-channel-map "^1.0.1"
    side-channel-weakmap "^1.0.2"

tslib@^2.8.0:
  version "2.8.1"
  resolved "https://registry.yarnpkg.com/tslib/-/tslib-2.8.1.tgz#612efe4ed235d567e8aba5f2a5fab70280ade83f"
  integrity sha512-oJFu94HQb+KVduSUQL7wnpmqnfmLsOA/nAh6b6EH0wCEoK0/mPeXU6c3wKDV83MkOuHPRHtSXKKU99IBazS/2w==

ua-parser-js@^1.0.33:
  version "1.0.41"
  resolved "https://registry.yarnpkg.com/ua-parser-js/-/ua-parser-js-1.0.41.tgz#bd04dc9ec830fcf9e4fad35cf22dcedd2e3b4e9c"
  integrity sha512-LbBDqdIC5s8iROCUjMbW1f5dJQTEFB1+KO9ogbvlb3nm9n4YHa5p4KTvFPWvh2Hs8gZMBuiB1/8+pdfe/tDPug==

use-sync-external-store@^1.0.0:
  version "1.6.0"
  resolved "https://registry.yarnpkg.com/use-sync-external-store/-/use-sync-external-store-1.6.0.tgz#b174bfa65cb2b526732d9f2ac0a408027876f32d"
  integrity sha512-Pp6GSwGP/NrPIrxVFAIkOQeyw8lFenOHijQWkUTrDvrF4ALqylP2C/KCkeS9dpUM3KvYRQhna5vt7IL95+ZQ9w==

zod-to-json-schema@3.24.6:
  version "3.24.6"
  resolved "https://registry.yarnpkg.com/zod-to-json-schema/-/zod-to-json-schema-3.24.6.tgz#5920f020c4d2647edfbb954fa036082b92c9e12d"
  integrity sha512-h/z3PKvcTcTetyjl1fkj79MHNEjm+HpD6NXheWjzOekY7kV+lwDYnHw+ivHkijnCSMz1yJaWBD9vu/Fcmk+vEg==

"zod@^3.25.76 || ^4":
  version "4.4.1"
  resolved "https://registry.yarnpkg.com/zod/-/zod-4.4.1.tgz#3c9bcf62b846273c7c8056d5b698bbae19db1d8b"
  integrity sha512-a6ENMBBGZBsnlSebQ/eKCguSBeGKSf4O7BPnqVPmYGtpBYI7VSqoVqw+QcB7kPRjbqPwhYTpFbVj/RqNz/CT0Q==
